{
  "name": "chatteroo",
  "version": "0.0.1",
  "lockfileVersion": 2,
  "requires": true,
  "packages": {
    "": {
      "name": "chatteroo",
      "version": "0.0.1",
      "license": "ISC",
      "dependencies": {
        "natural": "^5.2.3"
      },
      "devDependencies": {
        "@types/node": "^18.7.18"
      }
    },
    "node_modules/@types/node": {
      "version": "18.7.18",
      "resolved": "https://registry.npmjs.org/@types/node/-/node-18.7.18.tgz",
      "integrity": "sha512-m+6nTEOadJZuTPkKR/SYK3A2d7FZrgElol9UP1Kae90VVU4a6mxnPuLiIW1m4Cq4gZ/nWb9GrdVXJCoCazDAbg==",
      "dev": true
    },
    "node_modules/afinn-165": {
      "version": "1.0.4",
      "resolved": "https://registry.npmjs.org/afinn-165/-/afinn-165-1.0.4.tgz",
      "integrity": "sha512-7+Wlx3BImrK0HiG6y3lU4xX7SpBPSSu8T9iguPMlaueRFxjbYwAQrp9lqZUuFikqKbd/en8lVREILvP2J80uJA==",
      "funding": {
        "type": "github",
        "url": "https://github.com/sponsors/wooorm"
      }
    },
    "node_modules/apparatus": {
      "version": "0.0.10",
      "resolved": "https://registry.npmjs.org/apparatus/-/apparatus-0.0.10.tgz",
      "integrity": "sha512-KLy/ugo33KZA7nugtQ7O0E1c8kQ52N3IvD/XgIh4w/Nr28ypfkwDfA67F1ev4N1m5D+BOk1+b2dEJDfpj/VvZg==",
      "dependencies": {
        "sylvester": ">= 0.0.8"
      },
      "engines": {
        "node": ">=0.2.6"
      }
    },
    "node_modules/natural": {
      "version": "5.2.3",
      "resolved": "https://registry.npmjs.org/natural/-/natural-5.2.3.tgz",
      "integrity": "sha512-fsGGpbU15YBc2oQCEsi0t7ZeF3VmKyxDhgWucQTPk4zaDFzeZtquRbZt4xlznN2ZUlH88215HcThMYaDHFM48Q==",
      "dependencies": {
        "afinn-165": "^1.0.2",
        "apparatus": "^0.0.10",
        "safe-stable-stringify": "^2.2.0",
        "sylvester": "^0.0.12",
        "underscore": "^1.9.1",
        "wordnet-db": "^3.1.11"
      },
      "engines": {
        "node": ">=0.4.10"
      }
    },
    "node_modules/safe-stable-stringify": {
      "version": "2.4.0",
      "resolved": "https://registry.npmjs.org/safe-stable-stringify/-/safe-stable-stringify-2.4.0.tgz",
      "integrity": "sha512-eehKHKpab6E741ud7ZIMcXhKcP6TSIezPkNZhy5U8xC6+VvrRdUA2tMgxGxaGl4cz7c2Ew5+mg5+wNB16KQqrA==",
      "engines": {
        "node": ">=10"
      }
    },
    "node_modules/sylvester": {
      "version": "0.0.12",
      "resolved": "https://registry.npmjs.org/sylvester/-/sylvester-0.0.12.tgz",
      "integrity": "sha512-SzRP5LQ6Ts2G5NyAa/jg16s8e3R7rfdFjizy1zeoecYWw+nGL+YA1xZvW/+iJmidBGSdLkuvdwTYEyJEb+EiUw==",
      "engines": {
        "node": ">=0.2.6"
      }
    },
    "node_modules/underscore": {
      "version": "1.13.4",
      "resolved": "https://registry.npmjs.org/underscore/-/underscore-1.13.4.tgz",
      "integrity": "sha512-BQFnUDuAQ4Yf/cYY5LNrK9NCJFKriaRbD9uR1fTeXnBeoa97W0i41qkZfGO9pSo8I5KzjAcSY2XYtdf0oKd7KQ=="
    },
    "node_modules/wordnet-db": {
      "version": "3.1.14",
      "resolved": "https://registry.npmjs.org/wordnet-db/-/wordnet-db-3.1.14.tgz",
      "integrity": "sha512-zVyFsvE+mq9MCmwXUWHIcpfbrHHClZWZiVOzKSxNJruIcFn2RbY55zkhiAMMxM8zCVSmtNiViq8FsAZSFpMYag==",
      "engines": {
        "node": ">=0.6.0"
      }
    }
  },
  "dependencies": {
    "@types/node": {
      "version": "18.7.18",
      "resolved": "https://registry.npmjs.org/@types/node/-/node-18.7.18.tgz",
      "integrity": "sha512-m+6nTEOadJZuTPkKR/SYK3A2d7FZrgElol9UP1Kae90VVU4a6mxnPuLiIW1m4Cq4gZ/nWb9GrdVXJCoCazDAbg==",
      "dev": true
    },
    "afinn-165": {
      "version": "1.0.4",
      "resolved": "https://registry.npmjs.org/afinn-165/-/afinn-165-1.0.4.tgz",
      "integrity": "sha512-7+Wlx3BImrK0HiG6y3lU4xX7SpBPSSu8T9iguPMlaueRFxjbYwAQrp9lqZUuFikqKbd/en8lVREILvP2J80uJA=="
    },
    "apparatus": {
      "version": "0.0.10",
      "resolved": "https://registry.npmjs.org/apparatus/-/apparatus-0.0.10.tgz",
      "integrity": "sha512-KLy/ugo33KZA7nugtQ7O0E1c8kQ52N3IvD/XgIh4w/Nr28ypfkwDfA67F1ev4N1m5D+BOk1+b2dEJDfpj/VvZg==",
      "requires": {
        "sylvester": ">= 0.0.8"
      }
    },
    "natural": {
      "version": "5.2.3",
      "resolved": "https://registry.npmjs.org/natural/-/natural-5.2.3.tgz",
      "integrity": "sha512-fsGGpbU15YBc2oQCEsi0t7ZeF3VmKyxDhgWucQTPk4zaDFzeZtquRbZt4xlznN2ZUlH88215HcThMYaDHFM48Q==",
      "requires": {
        "afinn-165": "^1.0.2",
        "apparatus": "^0.0.10",
        "safe-stable-stringify": "^2.2.0",
        "sylvester": "^0.0.12",
        "underscore": "^1.9.1",
        "wordnet-db": "^3.1.11"
      }
    },
    "safe-stable-stringify": {
      "version": "2.4.0",
      "resolved": "https://registry.npmjs.org/safe-stable-stringify/-/safe-stable-stringify-2.4.0.tgz",
      "integrity": "sha512-eehKHKpab6E741ud7ZIMcXhKcP6TSIezPkNZhy5U8xC6+VvrRdUA2tMgxGxaGl4cz7c2Ew5+mg5+wNB16KQqrA=="
    },
    "sylvester": {
      "version": "0.0.12",
      "resolved": "https://registry.npmjs.org/sylvester/-/sylvester-0.0.12.tgz",
      "integrity": "sha512-SzRP5LQ6Ts2G5NyAa/jg16s8e3R7rfdFjizy1zeoecYWw+nGL+YA1xZvW/+iJmidBGSdLkuvdwTYEyJEb+EiUw=="
    },
    "underscore": {
      "version": "1.13.4",
      "resolved": "https://registry.npmjs.org/underscore/-/underscore-1.13.4.tgz",
      "integrity": "sha512-BQFnUDuAQ4Yf/cYY5LNrK9NCJFKriaRbD9uR1fTeXnBeoa97W0i41qkZfGO9pSo8I5KzjAcSY2XYtdf0oKd7KQ=="
    },
    "wordnet-db": {
      "version": "3.1.14",
      "resolved": "https://registry.npmjs.org/wordnet-db/-/wordnet-db-3.1.14.tgz",
      "integrity": "sha512-zVyFsvE+mq9MCmwXUWHIcpfbrHHClZWZiVOzKSxNJruIcFn2RbY55zkhiAMMxM8zCVSmtNiViq8FsAZSFpMYag=="
    }
  }
}
